PODS:
  - Alamofire (4.3.0)
  - Kingfisher (3.5.0)
  - SnapKit (3.2.0)
  - SVProgressHUD (2.1.2)
  - SwiftyJSON (3.1.4)
  - YYText (1.0.7)

DEPENDENCIES:
  - Alamofire
  - Kingfisher
  - SnapKit
  - SVProgressHUD
  - SwiftyJSON
  - YYText

SPEC CHECKSUMS:
  Alamofire: 856a113053a7bc9cbe5d6367a555d773fc5cfef7
  Kingfisher: 7c62087039d93d26c54c8dd9b0b588d2ce55cef6
  SnapKit: 1ca44df72cfa543218d177cb8aab029d10d86ea7
  SVProgressHUD: c404a55d78acbeb7ebb78b76d3faf986475a6994
  SwiftyJSON: c2842d878f95482ffceec5709abc3d05680c0220
  YYText: 5c461d709e24d55a182d1441c41dc639a18a4849

PODFILE CHECKSUM: bfd1d8de45f548528d36e956845b7fd7376ec9dd

COCOAPODS: 1.2.0
